# This file was autogenerated by Stack.
# You should not edit this file by hand.
# For more information, please see the documentation at:
#   https://docs.haskellstack.org/en/stable/lock_files

packages: []
snapshots:
- completed:
    sha256: 35abc77a5b88de3f0eb649bfbfd73ecb86be0e2831b9de3c4c0a6771b3a2b22b
    size: 698983
    url: https://raw.githubusercontent.com/commercialhaskell/stackage-snapshots/master/nightly/2023/11/21.yaml
  original: nightly-2023-11-21
